
Microsoft Visual Studio Solution File, Format Version 12.00
# Visual Studio Version 17
VisualStudioVersion = 17.7.34031.279
MinimumVisualStudioVersion = 10.0.40219.1
Project("{FAE04EC0-301F-11D3-BF4B-00C04F79EFBC}") = "Bank", "Bank\Bank.csproj", "{10558612-5DCC-4AE4-9A34-FCB8EA9438B3}"
EndProject
Global
	GlobalSection(SolutionConfigurationPlatforms) = preSolution
		Debug|Any CPU = Debug|Any CPU
		Release|Any CPU = Release|Any CPU
	EndGlobalSection
	GlobalSection(ProjectConfigurationPlatforms) = postSolution
		{10558612-5DCC-4AE4-9A34-FCB8EA9438B3}.Debug|Any CPU.ActiveCfg = Debug|Any CPU
		{10558612-5DCC-4AE4-9A34-FCB8EA9438B3}.Debug|Any CPU.Build.0 = Debug|Any CPU
		{10558612-5DCC-4AE4-9A34-FCB8EA9438B3}.Release|Any CPU.ActiveCfg = Release|Any CPU
		{10558612-5DCC-4AE4-9A34-FCB8EA9438B3}.Release|Any CPU.Build.0 = Release|Any CPU
	EndGlobalSection
	GlobalSection(SolutionProperties) = preSolution
		HideSolutionNode = FALSE
	EndGlobalSection
	GlobalSection(ExtensibilityGlobals) = postSolution
		SolutionGuid = {78546D4B-B976-4BC4-9713-91DC53110A07}
	EndGlobalSection
EndGlobal
